// !$*UTF8*$!
{
	archiveVersion = 1;
	classes = {
	};
	objectVersion = 46;
	objects = {

/* Begin PBXBuildFile section */
		D1E1540553311D76BD8F0085 /* Pods_Poke_Search.framework in Frameworks */ = {isa = PBXBuildFile; fileRef = 919A831D2557503FCDD9B86E /* Pods_Poke_Search.framework */; };
		DD9954951DED468400F6D811 /* AppDelegate.swift in Sources */ = {isa = PBXBuildFile; fileRef = DD9954941DED468400F6D811 /* AppDelegate.swift */; };
		DD9954971DED468400F6D811 /* MainVC.swift in Sources */ = {isa = PBXBuildFile; fileRef = DD9954961DED468400F6D811 /* MainVC.swift */; };
		DD99549A1DED468400F6D811 /* Main.storyboard in Resources */ = {isa = PBXBuildFile; fileRef = DD9954981DED468400F6D811 /* Main.storyboard */; };
		DD99549C1DED468400F6D811 /* Assets.xcassets in Resources */ = {isa = PBXBuildFile; fileRef = DD99549B1DED468400F6D811 /* Assets.xcassets */; };
		DD99549F1DED468400F6D811 /* LaunchScreen.storyboard in Resources */ = {isa = PBXBuildFile; fileRef = DD99549D1DED468400F6D811 /* LaunchScreen.storyboard */; };
		DD9954A71DED47C800F6D811 /* GoogleService-Info.plist in Resources */ = {isa = PBXBuildFile; fileRef = DD9954A61DED47C800F6D811 /* GoogleService-Info.plist */; };
		DD9954BA1DED4C4500F6D811 /* GeoFire.m in Sources */ = {isa = PBXBuildFile; fileRef = DD9954B11DED4C4500F6D811 /* GeoFire.m */; };
		DD9954BB1DED4C4500F6D811 /* GFBase32Utils.m in Sources */ = {isa = PBXBuildFile; fileRef = DD9954B31DED4C4500F6D811 /* GFBase32Utils.m */; };
		DD9954BC1DED4C4500F6D811 /* GFGeoHash.m in Sources */ = {isa = PBXBuildFile; fileRef = DD9954B51DED4C4500F6D811 /* GFGeoHash.m */; };
		DD9954BD1DED4C4500F6D811 /* GFGeoHashQuery.m in Sources */ = {isa = PBXBuildFile; fileRef = DD9954B71DED4C4500F6D811 /* GFGeoHashQuery.m */; };
		DD9954BE1DED4C4500F6D811 /* GFQuery.m in Sources */ = {isa = PBXBuildFile; fileRef = DD9954B91DED4C4500F6D811 /* GFQuery.m */; };
		DD9954C41DED76C000F6D811 /* PokeAnnotation.swift in Sources */ = {isa = PBXBuildFile; fileRef = DD9954C31DED76C000F6D811 /* PokeAnnotation.swift */; };
/* End PBXBuildFile section */

/* Begin PBXFileReference section */
		4BE786133665C9A7A2080BD1 /* Pods-Poke-Search.release.xcconfig */ = {isa = PBXFileReference; includeInIndex = 1; lastKnownFileType = text.xcconfig; name = "Pods-Poke-Search.release.xcconfig"; path = "Pods/Target Support Files/Pods-Poke-Search/Pods-Poke-Search.release.xcconfig"; sourceTree = "<group>"; };
		6487E84BF674F70177DA4BFB /* Pods-Poke-Search.debug.xcconfig */ = {isa = PBXFileReference; includeInIndex = 1; lastKnownFileType = text.xcconfig; name = "Pods-Poke-Search.debug.xcconfig"; path = "Pods/Target Support Files/Pods-Poke-Search/Pods-Poke-Search.debug.xcconfig"; sourceTree = "<group>"; };
		919A831D2557503FCDD9B86E /* Pods_Poke_Search.framework */ = {isa = PBXFileReference; explicitFileType = wrapper.framework; includeInIndex = 0; path = Pods_Poke_Search.framework; sourceTree = BUILT_PRODUCTS_DIR; };
		DD9954911DED468400F6D811 /* Poke-Search.app */ = {isa = PBXFileReference; explicitFileType = wrapper.application; includeInIndex = 0; path = "Poke-Search.app"; sourceTree = BUILT_PRODUCTS_DIR; };
		DD9954941DED468400F6D811 /* AppDelegate.swift */ = {isa = PBXFileReference; lastKnownFileType = sourcecode.swift; path = AppDelegate.swift; sourceTree = "<group>"; };
		DD9954961DED468400F6D811 /* MainVC.swift */ = {isa = PBXFileReference; lastKnownFileType = sourcecode.swift; path = MainVC.swift; sourceTree = "<group>"; };
		DD9954991DED468400F6D811 /* Base */ = {isa = PBXFileReference; lastKnownFileType = file.storyboard; name = Base; path = Base.lproj/Main.storyboard; sourceTree = "<group>"; };
		DD99549B1DED468400F6D811 /* Assets.xcassets */ = {isa = PBXFileReference; lastKnownFileType = folder.assetcatalog; path = Assets.xcassets; sourceTree = "<group>"; };
		DD99549E1DED468400F6D811 /* Base */ = {isa = PBXFileReference; lastKnownFileType = file.storyboard; name = Base; path = Base.lproj/LaunchScreen.storyboard; sourceTree = "<group>"; };
		DD9954A01DED468400F6D811 /* Info.plist */ = {isa = PBXFileReference; lastKnownFileType = text.plist.xml; path = Info.plist; sourceTree = "<group>"; };
		DD9954A61DED47C800F6D811 /* GoogleService-Info.plist */ = {isa = PBXFileReference; fileEncoding = 4; lastKnownFileType = text.plist.xml; path = "GoogleService-Info.plist"; sourceTree = "<group>"; };
		DD9954AA1DED4C4500F6D811 /* GeoFire.h */ = {isa = PBXFileReference; fileEncoding = 4; lastKnownFileType = sourcecode.c.h; path = GeoFire.h; sourceTree = "<group>"; };
		DD9954AB1DED4C4500F6D811 /* GFCircleQuery.h */ = {isa = PBXFileReference; fileEncoding = 4; lastKnownFileType = sourcecode.c.h; path = GFCircleQuery.h; sourceTree = "<group>"; };
		DD9954AC1DED4C4500F6D811 /* GFQuery.h */ = {isa = PBXFileReference; fileEncoding = 4; lastKnownFileType = sourcecode.c.h; path = GFQuery.h; sourceTree = "<group>"; };
		DD9954AD1DED4C4500F6D811 /* GFRegionQuery.h */ = {isa = PBXFileReference; fileEncoding = 4; lastKnownFileType = sourcecode.c.h; path = GFRegionQuery.h; sourceTree = "<group>"; };
		DD9954AE1DED4C4500F6D811 /* GeoFire-Prefix.pch */ = {isa = PBXFileReference; fileEncoding = 4; lastKnownFileType = sourcecode.c.h; path = "GeoFire-Prefix.pch"; sourceTree = "<group>"; };
		DD9954B01DED4C4500F6D811 /* GeoFire+Private.h */ = {isa = PBXFileReference; fileEncoding = 4; lastKnownFileType = sourcecode.c.h; path = "GeoFire+Private.h"; sourceTree = "<group>"; };
		DD9954B11DED4C4500F6D811 /* GeoFire.m */ = {isa = PBXFileReference; fileEncoding = 4; lastKnownFileType = sourcecode.c.objc; path = GeoFire.m; sourceTree = "<group>"; };
		DD9954B21DED4C4500F6D811 /* GFBase32Utils.h */ = {isa = PBXFileReference; fileEncoding = 4; lastKnownFileType = sourcecode.c.h; path = GFBase32Utils.h; sourceTree = "<group>"; };
		DD9954B31DED4C4500F6D811 /* GFBase32Utils.m */ = {isa = PBXFileReference; fileEncoding = 4; lastKnownFileType = sourcecode.c.objc; path = GFBase32Utils.m; sourceTree = "<group>"; };
		DD9954B41DED4C4500F6D811 /* GFGeoHash.h */ = {isa = PBXFileReference; fileEncoding = 4; lastKnownFileType = sourcecode.c.h; path = GFGeoHash.h; sourceTree = "<group>"; };
		DD9954B51DED4C4500F6D811 /* GFGeoHash.m */ = {isa = PBXFileReference; fileEncoding = 4; lastKnownFileType = sourcecode.c.objc; path = GFGeoHash.m; sourceTree = "<group>"; };
		DD9954B61DED4C4500F6D811 /* GFGeoHashQuery.h */ = {isa = PBXFileReference; fileEncoding = 4; lastKnownFileType = sourcecode.c.h; path = GFGeoHashQuery.h; sourceTree = "<group>"; };
		DD9954B71DED4C4500F6D811 /* GFGeoHashQuery.m */ = {isa = PBXFileReference; fileEncoding = 4; lastKnownFileType = sourcecode.c.objc; path = GFGeoHashQuery.m; sourceTree = "<group>"; };
		DD9954B81DED4C4500F6D811 /* GFQuery+Private.h */ = {isa = PBXFileReference; fileEncoding = 4; lastKnownFileType = sourcecode.c.h; path = "GFQuery+Private.h"; sourceTree = "<group>"; };
		DD9954B91DED4C4500F6D811 /* GFQuery.m */ = {isa = PBXFileReference; fileEncoding = 4; lastKnownFileType = sourcecode.c.objc; path = GFQuery.m; sourceTree = "<group>"; };
		DD9954BF1DED4D3500F6D811 /* PokeSearch-Bridging-Header.h */ = {isa = PBXFileReference; fileEncoding = 4; lastKnownFileType = sourcecode.c.h; path = "PokeSearch-Bridging-Header.h"; sourceTree = "<group>"; };
		DD9954C31DED76C000F6D811 /* PokeAnnotation.swift */ = {isa = PBXFileReference; fileEncoding = 4; lastKnownFileType = sourcecode.swift; path = PokeAnnotation.swift; sourceTree = "<group>"; };
/* End PBXFileReference section */

/* Begin PBXFrameworksBuildPhase section */
		DD99548E1DED468400F6D811 /* Frameworks */ = {
			isa = PBXFrameworksBuildPhase;
			buildActionMask = 2147483647;
			files = (
				D1E1540553311D76BD8F0085 /* Pods_Poke_Search.framework in Frameworks */,
			);
			runOnlyForDeploymentPostprocessing = 0;
		};
/* End PBXFrameworksBuildPhase section */

/* Begin PBXGroup section */
		09894E4F43AB37F9620A2398 /* Pods */ = {
			isa = PBXGroup;
			children = (
				6487E84BF674F70177DA4BFB /* Pods-Poke-Search.debug.xcconfig */,
				4BE786133665C9A7A2080BD1 /* Pods-Poke-Search.release.xcconfig */,
			);
			name = Pods;
			sourceTree = "<group>";
		};
		2E300ECC6D1AF7C24297A11E /* Frameworks */ = {
			isa = PBXGroup;
			children = (
				919A831D2557503FCDD9B86E /* Pods_Poke_Search.framework */,
			);
			name = Frameworks;
			sourceTree = "<group>";
		};
		DD9954881DED468400F6D811 = {
			isa = PBXGroup;
			children = (
				DD9954931DED468400F6D811 /* Poke-Search */,
				DD9954921DED468400F6D811 /* Products */,
				09894E4F43AB37F9620A2398 /* Pods */,
				2E300ECC6D1AF7C24297A11E /* Frameworks */,
			);
			sourceTree = "<group>";
		};
		DD9954921DED468400F6D811 /* Products */ = {
			isa = PBXGroup;
			children = (
				DD9954911DED468400F6D811 /* Poke-Search.app */,
			);
			name = Products;
			sourceTree = "<group>";
		};
		DD9954931DED468400F6D811 /* Poke-Search */ = {
			isa = PBXGroup;
			children = (
				DD9954C21DED768D00F6D811 /* Model */,
				DD9954C11DED768700F6D811 /* View */,
				DD9954C01DED767F00F6D811 /* Controller */,
				DD9954A81DED4C4500F6D811 /* GeoFire */,
				DD9954941DED468400F6D811 /* AppDelegate.swift */,
				DD9954BF1DED4D3500F6D811 /* PokeSearch-Bridging-Header.h */,
				DD9954981DED468400F6D811 /* Main.storyboard */,
				DD99549D1DED468400F6D811 /* LaunchScreen.storyboard */,
				DD9954A01DED468400F6D811 /* Info.plist */,
				DD9954A61DED47C800F6D811 /* GoogleService-Info.plist */,
				DD99549B1DED468400F6D811 /* Assets.xcassets */,
			);
			path = "Poke-Search";
			sourceTree = "<group>";
		};
		DD9954A81DED4C4500F6D811 /* GeoFire */ = {
			isa = PBXGroup;
			children = (
				DD9954A91DED4C4500F6D811 /* API */,
				DD9954AE1DED4C4500F6D811 /* GeoFire-Prefix.pch */,
				DD9954AF1DED4C4500F6D811 /* Implementation */,
			);
			path = GeoFire;
			sourceTree = "<group>";
		};
		DD9954A91DED4C4500F6D811 /* API */ = {
			isa = PBXGroup;
			children = (
				DD9954AA1DED4C4500F6D811 /* GeoFire.h */,
				DD9954AB1DED4C4500F6D811 /* GFCircleQuery.h */,
				DD9954AC1DED4C4500F6D811 /* GFQuery.h */,
				DD9954AD1DED4C4500F6D811 /* GFRegionQuery.h */,
			);
			path = API;
			sourceTree = "<group>";
		};
		DD9954AF1DED4C4500F6D811 /* Implementation */ = {
			isa = PBXGroup;
			children = (
				DD9954B01DED4C4500F6D811 /* GeoFire+Private.h */,
				DD9954B11DED4C4500F6D811 /* GeoFire.m */,
				DD9954B21DED4C4500F6D811 /* GFBase32Utils.h */,
				DD9954B31DED4C4500F6D811 /* GFBase32Utils.m */,
				DD9954B41DED4C4500F6D811 /* GFGeoHash.h */,
				DD9954B51DED4C4500F6D811 /* GFGeoHash.m */,
				DD9954B61DED4C4500F6D811 /* GFGeoHashQuery.h */,
				DD9954B71DED4C4500F6D811 /* GFGeoHashQuery.m */,
				DD9954B81DED4C4500F6D811 /* GFQuery+Private.h */,
				DD9954B91DED4C4500F6D811 /* GFQuery.m */,
			);
			path = Implementation;
			sourceTree = "<group>";
		};
		DD9954C01DED767F00F6D811 /* Controller */ = {
			isa = PBXGroup;
			children = (
				DD9954961DED468400F6D811 /* MainVC.swift */,
			);
			name = Controller;
			sourceTree = "<group>";
		};
		DD9954C11DED768700F6D811 /* View */ = {
			isa = PBXGroup;
			children = (
			);
			name = View;
			sourceTree = "<group>";
		};
		DD9954C21DED768D00F6D811 /* Model */ = {
			isa = PBXGroup;
			children = (
				DD9954C31DED76C000F6D811 /* PokeAnnotation.swift */,
			);
			name = Model;
			sourceTree = "<group>";
		};
/* End PBXGroup section */

/* Begin PBXNativeTarget section */
		DD9954901DED468400F6D811 /* Poke-Search */ = {
			isa = PBXNativeTarget;
			buildConfigurationList = DD9954A31DED468400F6D811 /* Build configuration list for PBXNativeTarget "Poke-Search" */;
			buildPhases = (
				B8746C77E0610F61C6162467 /* [CP] Check Pods Manifest.lock */,
				DD99548D1DED468400F6D811 /* Sources */,
				DD99548E1DED468400F6D811 /* Frameworks */,
				DD99548F1DED468400F6D811 /* Resources */,
				30E566A66CDF1807444E51B2 /* [CP] Embed Pods Frameworks */,
				413AAFC42CEC6E9DD2F5E333 /* [CP] Copy Pods Resources */,
			);
			buildRules = (
			);
			dependencies = (
			);
			name = "Poke-Search";
			productName = "Poke-Search";
			productReference = DD9954911DED468400F6D811 /* Poke-Search.app */;
			productType = "com.apple.product-type.application";
		};
/* End PBXNativeTarget section */

/* Begin PBXProject section */
		DD9954891DED468400F6D811 /* Project object */ = {
			isa = PBXProject;
			attributes = {
				LastSwiftUpdateCheck = 0810;
				LastUpgradeCheck = 0810;
				ORGANIZATIONNAME = "Jonathan Uttankar";
				TargetAttributes = {
					DD9954901DED468400F6D811 = {
						CreatedOnToolsVersion = 8.1;
						DevelopmentTeam = UKLH436529;
						ProvisioningStyle = Automatic;
					};
				};
			};
			buildConfigurationList = DD99548C1DED468400F6D811 /* Build configuration list for PBXProject "Poke-Search" */;
			compatibilityVersion = "Xcode 3.2";
			developmentRegion = English;
			hasScannedForEncodings = 0;
			knownRegions = (
				en,
				Base,
			);
			mainGroup = DD9954881DED468400F6D811;
			productRefGroup = DD9954921DED468400F6D811 /* Products */;
			projectDirPath = "";
			projectRoot = "";
			targets = (
				DD9954901DED468400F6D811 /* Poke-Search */,
			);
		};
/* End PBXProject section */

/* Begin PBXResourcesBuildPhase section */
		DD99548F1DED468400F6D811 /* Resources */ = {
			isa = PBXResourcesBuildPhase;
			buildActionMask = 2147483647;
			files = (
				DD99549F1DED468400F6D811 /* LaunchScreen.storyboard in Resources */,
				DD9954A71DED47C800F6D811 /* GoogleService-Info.plist in Resources */,
				DD99549C1DED468400F6D811 /* Assets.xcassets in Resources */,
				DD99549A1DED468400F6D811 /* Main.storyboard in Resources */,
			);
			runOnlyForDeploymentPostprocessing = 0;
		};
/* End PBXResourcesBuildPhase section */

/* Begin PBXShellScriptBuildPhase section */
		30E566A66CDF1807444E51B2 /* [CP] Embed Pods Frameworks */ = {
			isa = PBXShellScriptBuildPhase;
			buildActionMask = 2147483647;
			files = (
			);
			inputPaths = (
			);
			name = "[CP] Embed Pods Frameworks";
			outputPaths = (
			);
			runOnlyForDeploymentPostprocessing = 0;
			shellPath = /bin/sh;
			shellScript = "\"${SRCROOT}/Pods/Target Support Files/Pods-Poke-Search/Pods-Poke-Search-frameworks.sh\"\n";
			showEnvVarsInLog = 0;
		};
		413AAFC42CEC6E9DD2F5E333 /* [CP] Copy Pods Resources */ = {
			isa = PBXShellScriptBuildPhase;
			buildActionMask = 2147483647;
			files = (
			);
			inputPaths = (
			);
			name = "[CP] Copy Pods Resources";
			outputPaths = (
			);
			runOnlyForDeploymentPostprocessing = 0;
			shellPath = /bin/sh;
			shellScript = "\"${SRCROOT}/Pods/Target Support Files/Pods-Poke-Search/Pods-Poke-Search-resources.sh\"\n";
			showEnvVarsInLog = 0;
		};
		B8746C77E0610F61C6162467 /* [CP] Check Pods Manifest.lock */ = {
			isa = PBXShellScriptBuildPhase;
			buildActionMask = 2147483647;
			files = (
			);
			inputPaths = (
			);
			name = "[CP] Check Pods Manifest.lock";
			outputPaths = (
			);
			runOnlyForDeploymentPostprocessing = 0;
			shellPath = /bin/sh;
			shellScript = "diff \"${PODS_ROOT}/../Podfile.lock\" \"${PODS_ROOT}/Manifest.lock\" > /dev/null\nif [ $? != 0 ] ; then\n    # print error to STDERR\n    echo \"error: The sandbox is not in sync with the Podfile.lock. Run 'pod install' or update your CocoaPods installation.\" >&2\n    exit 1\nfi\n";
			showEnvVarsInLog = 0;
		};
/* End PBXShellScriptBuildPhase section */

/* Begin PBXSourcesBuildPhase section */
		DD99548D1DED468400F6D811 /* Sources */ = {
			isa = PBXSourcesBuildPhase;
			buildActionMask = 2147483647;
			files = (
				DD9954BB1DED4C4500F6D811 /* GFBase32Utils.m in Sources */,
				DD9954C41DED76C000F6D811 /* PokeAnnotation.swift in Sources */,
				DD9954971DED468400F6D811 /* MainVC.swift in Sources */,
				DD9954BC1DED4C4500F6D811 /* GFGeoHash.m in Sources */,
				DD9954951DED468400F6D811 /* AppDelegate.swift in Sources */,
				DD9954BA1DED4C4500F6D811 /* GeoFire.m in Sources */,
				DD9954BD1DED4C4500F6D811 /* GFGeoHashQuery.m in Sources */,
				DD9954BE1DED4C4500F6D811 /* GFQuery.m in Sources */,
			);
			runOnlyForDeploymentPostprocessing = 0;
		};
/* End PBXSourcesBuildPhase section */

/* Begin PBXVariantGroup section */
		DD9954981DED468400F6D811 /* Main.storyboard */ = {
			isa = PBXVariantGroup;
			children = (
				DD9954991DED468400F6D811 /* Base */,
			);
			name = Main.storyboard;
			sourceTree = "<group>";
		};
		DD99549D1DED468400F6D811 /* LaunchScreen.storyboard */ = {
			isa = PBXVariantGroup;
			children = (
				DD99549E1DED468400F6D811 /* Base */,
			);
			name = LaunchScreen.storyboard;
			sourceTree = "<group>";
		};
/* End PBXVariantGroup section */

/* Begin XCBuildConfiguration section */
		DD9954A11DED468400F6D811 /* Debug */ = {
			isa = XCBuildConfiguration;
			buildSettings = {
				ALWAYS_SEARCH_USER_PATHS = NO;
				CLANG_ANALYZER_NONNULL = YES;
				CLANG_CXX_LANGUAGE_STANDARD = "gnu++0x";
				CLANG_CXX_LIBRARY = "libc++";
				CLANG_ENABLE_MODULES = YES;
				CLANG_ENABLE_OBJC_ARC = YES;
				CLANG_WARN_BOOL_CONVERSION = YES;
				CLANG_WARN_CONSTANT_CONVERSION = YES;
				CLANG_WARN_DIRECT_OBJC_ISA_USAGE = YES_ERROR;
				CLANG_WARN_DOCUMENTATION_COMMENTS = YES;
				CLANG_WARN_EMPTY_BODY = YES;
				CLANG_WARN_ENUM_CONVERSION = YES;
				CLANG_WARN_INFINITE_RECURSION = YES;
				CLANG_WARN_INT_CONVERSION = YES;
				CLANG_WARN_OBJC_ROOT_CLASS = YES_ERROR;
				CLANG_WARN_SUSPICIOUS_MOVES = YES;
				CLANG_WARN_UNREACHABLE_CODE = YES;
				CLANG_WARN__DUPLICATE_METHOD_MATCH = YES;
				"CODE_SIGN_IDENTITY[sdk=iphoneos*]" = "iPhone Developer";
				COPY_PHASE_STRIP = NO;
				DEBUG_INFORMATION_FORMAT = dwarf;
				ENABLE_STRICT_OBJC_MSGSEND = YES;
				ENABLE_TESTABILITY = YES;
				GCC_C_LANGUAGE_STANDARD = gnu99;
				GCC_DYNAMIC_NO_PIC = NO;
				GCC_NO_COMMON_BLOCKS = YES;
				GCC_OPTIMIZATION_LEVEL = 0;
				GCC_PREPROCESSOR_DEFINITIONS = (
					"DEBUG=1",
					"$(inherited)",
				);
				GCC_WARN_64_TO_32_BIT_CONVERSION = YES;
				GCC_WARN_ABOUT_RETURN_TYPE = YES_ERROR;
				GCC_WARN_UNDECLARED_SELECTOR = YES;
				GCC_WARN_UNINITIALIZED_AUTOS = YES_AGGRESSIVE;
				GCC_WARN_UNUSED_FUNCTION = YES;
				GCC_WARN_UNUSED_VARIABLE = YES;
				IPHONEOS_DEPLOYMENT_TARGET = 10.1;
				MTL_ENABLE_DEBUG_INFO = YES;
				ONLY_ACTIVE_ARCH = YES;
				SDKROOT = iphoneos;
				SWIFT_ACTIVE_COMPILATION_CONDITIONS = DEBUG;
				SWIFT_OPTIMIZATION_LEVEL = "-Onone";
				TARGETED_DEVICE_FAMILY = "1,2";
			};
			name = Debug;
		};
		DD9954A21DED468400F6D811 /* Release */ = {
			isa = XCBuildConfiguration;
			buildSettings = {
				ALWAYS_SEARCH_USER_PATHS = NO;
				CLANG_ANALYZER_NONNULL = YES;
				CLANG_CXX_LANGUAGE_STANDARD = "gnu++0x";
				CLANG_CXX_LIBRARY = "libc++";
				CLANG_ENABLE_MODULES = YES;
				CLANG_ENABLE_OBJC_ARC = YES;
				CLANG_WARN_BOOL_CONVERSION = YES;
				CLANG_WARN_CONSTANT_CONVERSION = YES;
				CLANG_WARN_DIRECT_OBJC_ISA_USAGE = YES_ERROR;
				CLANG_WARN_DOCUMENTATION_COMMENTS = YES;
				CLANG_WARN_EMPTY_BODY = YES;
				CLANG_WARN_ENUM_CONVERSION = YES;
				CLANG_WARN_INFINITE_RECURSION = YES;
				CLANG_WARN_INT_CONVERSION = YES;
				CLANG_WARN_OBJC_ROOT_CLASS = YES_ERROR;
				CLANG_WARN_SUSPICIOUS_MOVES = YES;
				CLANG_WARN_UNREACHABLE_CODE = YES;
				CLANG_WARN__DUPLICATE_METHOD_MATCH = YES;
				"CODE_SIGN_IDENTITY[sdk=iphoneos*]" = "iPhone Developer";
				COPY_PHASE_STRIP = NO;
				DEBUG_INFORMATION_FORMAT = "dwarf-with-dsym";
				ENABLE_NS_ASSERTIONS = NO;
				ENABLE_STRICT_OBJC_MSGSEND = YES;
				GCC_C_LANGUAGE_STANDARD = gnu99;
				GCC_NO_COMMON_BLOCKS = YES;
				GCC_WARN_64_TO_32_BIT_CONVERSION = YES;
				GCC_WARN_ABOUT_RETURN_TYPE = YES_ERROR;
				GCC_WARN_UNDECLARED_SELECTOR = YES;
				GCC_WARN_UNINITIALIZED_AUTOS = YES_AGGRESSIVE;
				GCC_WARN_UNUSED_FUNCTION = YES;
				GCC_WARN_UNUSED_VARIABLE = YES;
				IPHONEOS_DEPLOYMENT_TARGET = 10.1;
				MTL_ENABLE_DEBUG_INFO = NO;
				SDKROOT = iphoneos;
				SWIFT_OPTIMIZATION_LEVEL = "-Owholemodule";
				TARGETED_DEVICE_FAMILY = "1,2";
				VALIDATE_PRODUCT = YES;
			};
			name = Release;
		};
		DD9954A41DED468400F6D811 /* Debug */ = {
			isa = XCBuildConfiguration;
			baseConfigurationReference = 6487E84BF674F70177DA4BFB /* Pods-Poke-Search.debug.xcconfig */;
			buildSettings = {
				ASSETCATALOG_COMPILER_APPICON_NAME = AppIcon;
				DEVELOPMENT_TEAM = UKLH436529;
				INFOPLIST_FILE = "Poke-Search/Info.plist";
				LD_RUNPATH_SEARCH_PATHS = "$(inherited) @executable_path/Frameworks";
				PRODUCT_BUNDLE_IDENTIFIER = "com.jonathanuttankar.Poke-Search";
				PRODUCT_NAME = "$(TARGET_NAME)";
				SWIFT_OBJC_BRIDGING_HEADER = "Poke-Search/PokeSearch-Bridging-Header.h";
				SWIFT_VERSION = 3.0;
			};
			name = Debug;
		};
		DD9954A51DED468400F6D811 /* Release */ = {
			isa = XCBuildConfiguration;
			baseConfigurationReference = 4BE786133665C9A7A2080BD1 /* Pods-Poke-Search.release.xcconfig */;
			buildSettings = {
				ASSETCATALOG_COMPILER_APPICON_NAME = AppIcon;
				DEVELOPMENT_TEAM = UKLH436529;
				INFOPLIST_FILE = "Poke-Search/Info.plist";
				LD_RUNPATH_SEARCH_PATHS = "$(inherited) @executable_path/Frameworks";
				PRODUCT_BUNDLE_IDENTIFIER = "com.jonathanuttankar.Poke-Search";
				PRODUCT_NAME = "$(TARGET_NAME)";
				SWIFT_OBJC_BRIDGING_HEADER = "Poke-Search/PokeSearch-Bridging-Header.h";
				SWIFT_VERSION = 3.0;
			};
			name = Release;
		};
/* End XCBuildConfiguration section */

/* Begin XCConfigurationList section */
		DD99548C1DED468400F6D811 /* Build configuration list for PBXProject "Poke-Search" */ = {
			isa = XCConfigurationList;
			buildConfigurations = (
				DD9954A11DED468400F6D811 /* Debug */,
				DD9954A21DED468400F6D811 /* Release */,
			);
			defaultConfigurationIsVisible = 0;
			defaultConfigurationName = Release;
		};
		DD9954A31DED468400F6D811 /* Build configuration list for PBXNativeTarget "Poke-Search" */ = {
			isa = XCConfigurationList;
			buildConfigurations = (
				DD9954A41DED468400F6D811 /* Debug */,
				DD9954A51DED468400F6D811 /* Release */,
			);
			defaultConfigurationIsVisible = 0;
			defaultConfigurationName = Release;
		};
/* End XCConfigurationList section */
	};
	rootObject = DD9954891DED468400F6D811 /* Project object */;
}
